
Microsoft Visual Studio Solution File, Format Version 12.00
# Visual Studio Version 17
VisualStudioVersion = 17.14.36511.14 d17.14
MinimumVisualStudioVersion = 10.0.40219.1
Project("{FAE04EC0-301F-11D3-BF4B-00C04F79EFBC}") = "ConsoleApp1.5", "ConsoleApp1.5.csproj", "{2F6F3B29-ABCC-4FED-A614-3F0F857CB093}"
EndProject
Global
	GlobalSection(SolutionConfigurationPlatforms) = preSolution
		Debug|Any CPU = Debug|Any CPU
		Release|Any CPU = Release|Any CPU
	EndGlobalSection
	GlobalSection(ProjectConfigurationPlatforms) = postSolution
		{2F6F3B29-ABCC-4FED-A614-3F0F857CB093}.Debug|Any CPU.ActiveCfg = Debug|Any CPU
		{2F6F3B29-ABCC-4FED-A614-3F0F857CB093}.Debug|Any CPU.Build.0 = Debug|Any CPU
		{2F6F3B29-ABCC-4FED-A614-3F0F857CB093}.Release|Any CPU.ActiveCfg = Release|Any CPU
		{2F6F3B29-ABCC-4FED-A614-3F0F857CB093}.Release|Any CPU.Build.0 = Release|Any CPU
	EndGlobalSection
	GlobalSection(SolutionProperties) = preSolution
		HideSolutionNode = FALSE
	EndGlobalSection
	GlobalSection(ExtensibilityGlobals) = postSolution
		SolutionGuid = {B856C580-FBD9-47EF-965F-9C34F60D25B9}
	EndGlobalSection
EndGlobal
